
Microsoft Visual Studio Solution File, Format Version 12.00
# Visual Studio 2012
Project("{FAE04EC0-301F-11D3-BF4B-00C04F79EFBC}") = "Shinkei", "Shinkei\Shinkei.csproj", "{15170F0C-0667-48FE-901C-4E53988449DC}"
EndProject
Project("{FAE04EC0-301F-11D3-BF4B-00C04F79EFBC}") = "RejoinPlugin", "RejoinPlugin\RejoinPlugin.csproj", "{F247D289-95F8-410C-B5DD-C8C16C8C019E}"
EndProject
Project("{FAE04EC0-301F-11D3-BF4B-00C04F79EFBC}") = "HelpPlugin", "HelpPlugin\HelpPlugin.csproj", "{7164F251-0AB1-4394-966E-AD266A3D0286}"
EndProject
Global
	GlobalSection(SolutionConfigurationPlatforms) = preSolution
		Debug|Any CPU = Debug|Any CPU
		Release|Any CPU = Release|Any CPU
	EndGlobalSection
	GlobalSection(ProjectConfigurationPlatforms) = postSolution
		{15170F0C-0667-48FE-901C-4E53988449DC}.Debug|Any CPU.ActiveCfg = Debug|Any CPU
		{15170F0C-0667-48FE-901C-4E53988449DC}.Debug|Any CPU.Build.0 = Debug|Any CPU
		{15170F0C-0667-48FE-901C-4E53988449DC}.Release|Any CPU.ActiveCfg = Release|Any CPU
		{15170F0C-0667-48FE-901C-4E53988449DC}.Release|Any CPU.Build.0 = Release|Any CPU
		{F247D289-95F8-410C-B5DD-C8C16C8C019E}.Debug|Any CPU.ActiveCfg = Debug|Any CPU
		{F247D289-95F8-410C-B5DD-C8C16C8C019E}.Debug|Any CPU.Build.0 = Debug|Any CPU
		{F247D289-95F8-410C-B5DD-C8C16C8C019E}.Release|Any CPU.ActiveCfg = Release|Any CPU
		{F247D289-95F8-410C-B5DD-C8C16C8C019E}.Release|Any CPU.Build.0 = Release|Any CPU
		{7164F251-0AB1-4394-966E-AD266A3D0286}.Debug|Any CPU.ActiveCfg = Debug|Any CPU
		{7164F251-0AB1-4394-966E-AD266A3D0286}.Debug|Any CPU.Build.0 = Debug|Any CPU
		{7164F251-0AB1-4394-966E-AD266A3D0286}.Release|Any CPU.ActiveCfg = Release|Any CPU
		{7164F251-0AB1-4394-966E-AD266A3D0286}.Release|Any CPU.Build.0 = Release|Any CPU
	EndGlobalSection
	GlobalSection(SolutionProperties) = preSolution
		HideSolutionNode = FALSE
	EndGlobalSection
EndGlobal
