
Microsoft Visual Studio Solution File, Format Version 14.00
# Visual Studio 2015
Project("{FAE04EC0-301F-11D3-BF4B-00C04F79EFBC}") = "Shinkei", "Shinkei\Shinkei.csproj", "{15170F0C-0667-48FE-901C-4E53988449DC}"
EndProject
Project("{FAE04EC0-301F-11D3-BF4B-00C04F79EFBC}") = "RejoinPlugin", "RejoinPlugin\RejoinPlugin.csproj", "{F247D289-95F8-410C-B5DD-C8C16C8C019E}"
EndProject
Project("{FAE04EC0-301F-11D3-BF4B-00C04F79EFBC}") = "HelpPlugin", "HelpPlugin\HelpPlugin.csproj", "{7164F251-0AB1-4394-966E-AD266A3D0286}"
EndProject
Project("{FAE04EC0-301F-11D3-BF4B-00C04F79EFBC}") = "ControlPlugin", "ControlPlugin\ControlPlugin.csproj", "{7C5084F6-0EEF-4214-8B7E-ACA7299318C2}"
EndProject
Project("{FAE04EC0-301F-11D3-BF4B-00C04F79EFBC}") = "SandraPlugin", "SandraPlugin\SandraPlugin.csproj", "{0B362180-9417-4A8E-B8B4-0A0B247F7331}"
EndProject
Project("{FAE04EC0-301F-11D3-BF4B-00C04F79EFBC}") = "YouTubePlugin", "YouTubePlugin\YouTubePlugin.csproj", "{115901DF-5FF0-462C-884E-4E0DD6B42250}"
EndProject
Project("{2150E333-8FDC-42A3-9474-1A3956D46DE8}") = "Plugins", "Plugins", "{1D9F3FDD-34E2-4B97-85A1-BE4AE0031444}"
EndProject
Project("{FAE04EC0-301F-11D3-BF4B-00C04F79EFBC}") = "goo.gl-ShortenerPlugin", "goo.gl-ShortenerPlugin\goo.gl-ShortenerPlugin.csproj", "{FB837EAC-5B48-4DE5-B7A2-CF694751A08D}"
EndProject
Project("{FAE04EC0-301F-11D3-BF4B-00C04F79EFBC}") = "RandomAnswerPlugin", "RandomAnswerPlugin\RandomAnswerPlugin.csproj", "{A156160E-1C4D-42D5-ABC2-AAEAB64EA06C}"
EndProject
Project("{2150E333-8FDC-42A3-9474-1A3956D46DE8}") = ".nuget", ".nuget", "{ED4DF696-A46D-48EE-A4FA-3A9F136646E1}"
	ProjectSection(SolutionItems) = preProject
		.nuget\NuGet.Config = .nuget\NuGet.Config
		.nuget\NuGet.exe = .nuget\NuGet.exe
		.nuget\NuGet.targets = .nuget\NuGet.targets
	EndProjectSection
EndProject
Project("{FAE04EC0-301F-11D3-BF4B-00C04F79EFBC}") = "TwitterPlugin", "TwitterPlugin\TwitterPlugin.csproj", "{F4236673-4491-4587-B93D-3FB526AF5DD7}"
EndProject
Project("{FAE04EC0-301F-11D3-BF4B-00C04F79EFBC}") = "ScriptPlugin", "ScriptPlugin\ScriptPlugin.csproj", "{76301562-FF64-4134-A0C2-8BF0BCEE78BC}"
EndProject
Global
	GlobalSection(SolutionConfigurationPlatforms) = preSolution
		Debug|Any CPU = Debug|Any CPU
		Release|Any CPU = Release|Any CPU
	EndGlobalSection
	GlobalSection(ProjectConfigurationPlatforms) = postSolution
		{15170F0C-0667-48FE-901C-4E53988449DC}.Debug|Any CPU.ActiveCfg = Debug|Any CPU
		{15170F0C-0667-48FE-901C-4E53988449DC}.Debug|Any CPU.Build.0 = Debug|Any CPU
		{15170F0C-0667-48FE-901C-4E53988449DC}.Release|Any CPU.ActiveCfg = Release|Any CPU
		{15170F0C-0667-48FE-901C-4E53988449DC}.Release|Any CPU.Build.0 = Release|Any CPU
		{F247D289-95F8-410C-B5DD-C8C16C8C019E}.Debug|Any CPU.ActiveCfg = Debug|Any CPU
		{F247D289-95F8-410C-B5DD-C8C16C8C019E}.Debug|Any CPU.Build.0 = Debug|Any CPU
		{F247D289-95F8-410C-B5DD-C8C16C8C019E}.Release|Any CPU.ActiveCfg = Release|Any CPU
		{F247D289-95F8-410C-B5DD-C8C16C8C019E}.Release|Any CPU.Build.0 = Release|Any CPU
		{7164F251-0AB1-4394-966E-AD266A3D0286}.Debug|Any CPU.ActiveCfg = Debug|Any CPU
		{7164F251-0AB1-4394-966E-AD266A3D0286}.Debug|Any CPU.Build.0 = Debug|Any CPU
		{7164F251-0AB1-4394-966E-AD266A3D0286}.Release|Any CPU.ActiveCfg = Release|Any CPU
		{7164F251-0AB1-4394-966E-AD266A3D0286}.Release|Any CPU.Build.0 = Release|Any CPU
		{7C5084F6-0EEF-4214-8B7E-ACA7299318C2}.Debug|Any CPU.ActiveCfg = Debug|Any CPU
		{7C5084F6-0EEF-4214-8B7E-ACA7299318C2}.Debug|Any CPU.Build.0 = Debug|Any CPU
		{7C5084F6-0EEF-4214-8B7E-ACA7299318C2}.Release|Any CPU.ActiveCfg = Release|Any CPU
		{7C5084F6-0EEF-4214-8B7E-ACA7299318C2}.Release|Any CPU.Build.0 = Release|Any CPU
		{0B362180-9417-4A8E-B8B4-0A0B247F7331}.Debug|Any CPU.ActiveCfg = Debug|Any CPU
		{0B362180-9417-4A8E-B8B4-0A0B247F7331}.Debug|Any CPU.Build.0 = Debug|Any CPU
		{0B362180-9417-4A8E-B8B4-0A0B247F7331}.Release|Any CPU.ActiveCfg = Release|Any CPU
		{0B362180-9417-4A8E-B8B4-0A0B247F7331}.Release|Any CPU.Build.0 = Release|Any CPU
		{115901DF-5FF0-462C-884E-4E0DD6B42250}.Debug|Any CPU.ActiveCfg = Debug|Any CPU
		{115901DF-5FF0-462C-884E-4E0DD6B42250}.Debug|Any CPU.Build.0 = Debug|Any CPU
		{115901DF-5FF0-462C-884E-4E0DD6B42250}.Release|Any CPU.ActiveCfg = Release|Any CPU
		{115901DF-5FF0-462C-884E-4E0DD6B42250}.Release|Any CPU.Build.0 = Release|Any CPU
		{FB837EAC-5B48-4DE5-B7A2-CF694751A08D}.Debug|Any CPU.ActiveCfg = Debug|Any CPU
		{FB837EAC-5B48-4DE5-B7A2-CF694751A08D}.Debug|Any CPU.Build.0 = Debug|Any CPU
		{FB837EAC-5B48-4DE5-B7A2-CF694751A08D}.Release|Any CPU.ActiveCfg = Release|Any CPU
		{FB837EAC-5B48-4DE5-B7A2-CF694751A08D}.Release|Any CPU.Build.0 = Release|Any CPU
		{A156160E-1C4D-42D5-ABC2-AAEAB64EA06C}.Debug|Any CPU.ActiveCfg = Debug|Any CPU
		{A156160E-1C4D-42D5-ABC2-AAEAB64EA06C}.Debug|Any CPU.Build.0 = Debug|Any CPU
		{A156160E-1C4D-42D5-ABC2-AAEAB64EA06C}.Release|Any CPU.ActiveCfg = Release|Any CPU
		{A156160E-1C4D-42D5-ABC2-AAEAB64EA06C}.Release|Any CPU.Build.0 = Release|Any CPU
		{F4236673-4491-4587-B93D-3FB526AF5DD7}.Debug|Any CPU.ActiveCfg = Debug|Any CPU
		{F4236673-4491-4587-B93D-3FB526AF5DD7}.Debug|Any CPU.Build.0 = Debug|Any CPU
		{F4236673-4491-4587-B93D-3FB526AF5DD7}.Release|Any CPU.ActiveCfg = Release|Any CPU
		{F4236673-4491-4587-B93D-3FB526AF5DD7}.Release|Any CPU.Build.0 = Release|Any CPU
		{76301562-FF64-4134-A0C2-8BF0BCEE78BC}.Debug|Any CPU.ActiveCfg = Debug|Any CPU
		{76301562-FF64-4134-A0C2-8BF0BCEE78BC}.Debug|Any CPU.Build.0 = Debug|Any CPU
		{76301562-FF64-4134-A0C2-8BF0BCEE78BC}.Release|Any CPU.ActiveCfg = Release|Any CPU
		{76301562-FF64-4134-A0C2-8BF0BCEE78BC}.Release|Any CPU.Build.0 = Release|Any CPU
	EndGlobalSection
	GlobalSection(SolutionProperties) = preSolution
		HideSolutionNode = FALSE
	EndGlobalSection
	GlobalSection(NestedProjects) = preSolution
		{7164F251-0AB1-4394-966E-AD266A3D0286} = {1D9F3FDD-34E2-4B97-85A1-BE4AE0031444}
		{7C5084F6-0EEF-4214-8B7E-ACA7299318C2} = {1D9F3FDD-34E2-4B97-85A1-BE4AE0031444}
		{0B362180-9417-4A8E-B8B4-0A0B247F7331} = {1D9F3FDD-34E2-4B97-85A1-BE4AE0031444}
		{115901DF-5FF0-462C-884E-4E0DD6B42250} = {1D9F3FDD-34E2-4B97-85A1-BE4AE0031444}
		{F247D289-95F8-410C-B5DD-C8C16C8C019E} = {1D9F3FDD-34E2-4B97-85A1-BE4AE0031444}
		{FB837EAC-5B48-4DE5-B7A2-CF694751A08D} = {1D9F3FDD-34E2-4B97-85A1-BE4AE0031444}
		{A156160E-1C4D-42D5-ABC2-AAEAB64EA06C} = {1D9F3FDD-34E2-4B97-85A1-BE4AE0031444}
		{F4236673-4491-4587-B93D-3FB526AF5DD7} = {1D9F3FDD-34E2-4B97-85A1-BE4AE0031444}
		{76301562-FF64-4134-A0C2-8BF0BCEE78BC} = {1D9F3FDD-34E2-4B97-85A1-BE4AE0031444}
	EndGlobalSection
EndGlobal
